
Microsoft Visual Studio Solution File, Format Version 12.00
# Visual Studio Version 16
VisualStudioVersion = 16.0.31605.320
MinimumVisualStudioVersion = 10.0.40219.1
Project("{FAE04EC0-301F-11D3-BF4B-00C04F79EFBC}") = "MesSeries", "MesSeries\MesSeries.csproj", "{9CFE1E71-26B1-4A8D-B72F-3DA33C24FC5E}"
EndProject
Project("{2150E333-8FDC-42A3-9474-1A3956D46DE8}") = "Librairies", "Librairies", "{59C23A6A-5D81-4F61-886D-BD6E61C86EC2}"
EndProject
Project("{2150E333-8FDC-42A3-9474-1A3956D46DE8}") = "Applications", "Applications", "{7160E120-83DD-48FD-9921-F015398459AB}"
EndProject
Project("{FAE04EC0-301F-11D3-BF4B-00C04F79EFBC}") = "JF.TheTvDb", "JF.TheTvDb\JF.TheTvDb.csproj", "{B2B91D81-D841-4EA0-93DB-2EB43EAC9A98}"
EndProject
Global
	GlobalSection(SolutionConfigurationPlatforms) = preSolution
		Debug|Any CPU = Debug|Any CPU
		Release|Any CPU = Release|Any CPU
	EndGlobalSection
	GlobalSection(ProjectConfigurationPlatforms) = postSolution
		{9CFE1E71-26B1-4A8D-B72F-3DA33C24FC5E}.Debug|Any CPU.ActiveCfg = Debug|Any CPU
		{9CFE1E71-26B1-4A8D-B72F-3DA33C24FC5E}.Debug|Any CPU.Build.0 = Debug|Any CPU
		{9CFE1E71-26B1-4A8D-B72F-3DA33C24FC5E}.Release|Any CPU.ActiveCfg = Release|Any CPU
		{9CFE1E71-26B1-4A8D-B72F-3DA33C24FC5E}.Release|Any CPU.Build.0 = Release|Any CPU
		{B2B91D81-D841-4EA0-93DB-2EB43EAC9A98}.Debug|Any CPU.ActiveCfg = Debug|Any CPU
		{B2B91D81-D841-4EA0-93DB-2EB43EAC9A98}.Debug|Any CPU.Build.0 = Debug|Any CPU
		{B2B91D81-D841-4EA0-93DB-2EB43EAC9A98}.Release|Any CPU.ActiveCfg = Release|Any CPU
		{B2B91D81-D841-4EA0-93DB-2EB43EAC9A98}.Release|Any CPU.Build.0 = Release|Any CPU
	EndGlobalSection
	GlobalSection(SolutionProperties) = preSolution
		HideSolutionNode = FALSE
	EndGlobalSection
	GlobalSection(NestedProjects) = preSolution
		{9CFE1E71-26B1-4A8D-B72F-3DA33C24FC5E} = {7160E120-83DD-48FD-9921-F015398459AB}
		{B2B91D81-D841-4EA0-93DB-2EB43EAC9A98} = {59C23A6A-5D81-4F61-886D-BD6E61C86EC2}
	EndGlobalSection
	GlobalSection(ExtensibilityGlobals) = postSolution
		SolutionGuid = {95CAA5DD-7A55-4C29-B338-3C1DA9EE345A}
	EndGlobalSection
EndGlobal
